version = 1
requires-python = ">=3.12"

[[package]]
name = "action-test"
version = "0.1.0"
source = { virtual = "." }
dependencies = [
    { name = "asynchttp" },
]

[package.metadata]
requires-dist = [{ name = "asynchttp", specifier = ">=0.0.4" }]

[[package]]
name = "asynchttp"
version = "0.0.4"
source = { registry = "https://pypi.org/simple" }
dependencies = [
    { name = "httplib2" },
]
sdist = { url = "https://files.pythonhosted.org/packages/f6/a0/dd8f751c63b0484f0680fb7444184c953c2150b1fdbd948d6f29cb6d194c/asynchttp-0.0.4.tar.gz", hash = "sha256:92f375f935790ab641508bb6285163ffd89cf528095cc93d99ee253a86086a84", size = 4596 }

[[package]]
name = "httplib2"
version = "0.30.0"
source = { registry = "https://pypi.org/simple" }
dependencies = [
    { name = "pyparsing" },
]
sdist = { url = "https://files.pythonhosted.org/packages/5b/75/1d10a90b3411f707c10c226fa918cf4f5e0578113caa223369130f702b6b/httplib2-0.30.0.tar.gz", hash = "sha256:d5b23c11fcf8e57e00ff91b7008656af0f6242c8886fd97065c97509e4e548c5", size = 249764 }
wheels = [
    { url = "https://files.pythonhosted.org/packages/87/7c/f35bd530a35654ef3ff81f5e102572b8b620361659e090beb85a73a3bcc9/httplib2-0.30.0-py3-none-any.whl", hash = "sha256:d10443a2bdfe0ea5dbb17e016726146d48b574208dafd41e854cf34e7d78842c", size = 91101 },
]

[[package]]
name = "pyparsing"
version = "3.2.3"
source = { registry = "https://pypi.org/simple" }
sdist = { url = "https://files.pythonhosted.org/packages/bb/22/f1129e69d94ffff626bdb5c835506b3a5b4f3d070f17ea295e12c2c6f60f/pyparsing-3.2.3.tar.gz", hash = "sha256:b9c13f1ab8b3b542f72e28f634bad4de758ab3ce4546e4301970ad6fa77c38be", size = 1088608 }
wheels = [
    { url = "https://files.pythonhosted.org/packages/05/e7/df2285f3d08fee213f2d041540fa4fc9ca6c2d44cf36d3a035bf2a8d2bcc/pyparsing-3.2.3-py3-none-any.whl", hash = "sha256:a749938e02d6fd0b59b356ca504a24982314bb090c383e3cf201c95ef7e2bfcf", size = 111120 },
]
